// !$*UTF8*$!
{
	archiveVersion = 1;
	classes = {
	};
	objectVersion = 77;
	objects = {

/* Begin PBXBuildFile section */
		C48881342F9F3BEF00B24671 /* ConvexMobile in Frameworks */ = {isa = PBXBuildFile; productRef = C4F100112F9F36B900B24671 /* ConvexMobile */; };
		C48881352F9F3BEF00B24671 /* ClerkKit in Frameworks */ = {isa = PBXBuildFile; productRef = C4F100122F9F36B900B24671 /* ClerkKit */; };
		C48881362F9F3BEF00B24671 /* ClerkKitUI in Frameworks */ = {isa = PBXBuildFile; productRef = C4F100132F9F36B900B24671 /* ClerkKitUI */; };
		C48881372F9F3BEF00B24671 /* ClerkConvex in Frameworks */ = {isa = PBXBuildFile; productRef = C4F100142F9F36B900B24671 /* ClerkConvex */; };
/* End PBXBuildFile section */

/* Begin PBXContainerItemProxy section */
		C48880FC2F9F36BB00B24671 /* PBXContainerItemProxy */ = {
			isa = PBXContainerItemProxy;
			containerPortal = C48880E62F9F36B900B24671 /* Project object */;
			proxyType = 1;
			remoteGlobalIDString = C48880ED2F9F36B900B24671;
			remoteInfo = 99recipe;
		};
		C48881062F9F36BB00B24671 /* PBXContainerItemProxy */ = {
			isa = PBXContainerItemProxy;
			containerPortal = C48880E62F9F36B900B24671 /* Project object */;
			proxyType = 1;
			remoteGlobalIDString = C48880ED2F9F36B900B24671;
			remoteInfo = 99recipe;
		};
/* End PBXContainerItemProxy section */

/* Begin PBXFileReference section */
		C48880EE2F9F36B900B24671 /* 99recipe.app */ = {isa = PBXFileReference; explicitFileType = wrapper.application; includeInIndex = 0; path = 99recipe.app; sourceTree = BUILT_PRODUCTS_DIR; };
		C48880FB2F9F36BB00B24671 /* 99recipeTests.xctest */ = {isa = PBXFileReference; explicitFileType = wrapper.cfbundle; includeInIndex = 0; path = 99recipeTests.xctest; sourceTree = BUILT_PRODUCTS_DIR; };
		C48881052F9F36BB00B24671 /* 99recipeUITests.xctest */ = {isa = PBXFileReference; explicitFileType = wrapper.cfbundle; includeInIndex = 0; path = 99recipeUITests.xctest; sourceTree = BUILT_PRODUCTS_DIR; };
/* End PBXFileReference section */

/* Begin PBXFileSystemSynchronizedRootGroup section */
		C48880F02F9F36B900B24671 /* 99recipe */ = {
			isa = PBXFileSystemSynchronizedRootGroup;
			path = 99recipe;
			sourceTree = "<group>";
		};
		C48880FE2F9F36BB00B24671 /* 99recipeTests */ = {
			isa = PBXFileSystemSynchronizedRootGroup;
			path = 99recipeTests;
			sourceTree = "<group>";
		};
		C48881082F9F36BB00B24671 /* 99recipeUITests */ = {
			isa = PBXFileSystemSynchronizedRootGroup;
			path = 99recipeUITests;
			sourceTree = "<group>";
		};
/* End PBXFileSystemSynchronizedRootGroup section */

/* Begin PBXFrameworksBuildPhase section */
		C48880EB2F9F36B900B24671 /* Frameworks */ = {
			isa = PBXFrameworksBuildPhase;
			buildActionMask = 2147483647;
			files = (
				C48881372F9F3BEF00B24671 /* ClerkConvex in Frameworks */,
				C48881362F9F3BEF00B24671 /* ClerkKitUI in Frameworks */,
				C48881352F9F3BEF00B24671 /* ClerkKit in Frameworks */,
				C48881342F9F3BEF00B24671 /* ConvexMobile in Frameworks */,
			);
			runOnlyForDeploymentPostprocessing = 0;
		};
		C48880F82F9F36BB00B24671 /* Frameworks */ = {
			isa = PBXFrameworksBuildPhase;
			buildActionMask = 2147483647;
			files = (
			);
			runOnlyForDeploymentPostprocessing = 0;
		};
		C48881022F9F36BB00B24671 /* Frameworks */ = {
			isa = PBXFrameworksBuildPhase;
			buildActionMask = 2147483647;
			files = (
			);
			runOnlyForDeploymentPostprocessing = 0;
		};
/* End PBXFrameworksBuildPhase section */

/* Begin PBXGroup section */
		C48880E52F9F36B900B24671 = {
			isa = PBXGroup;
			children = (
				C48880F02F9F36B900B24671 /* 99recipe */,
				C48880FE2F9F36BB00B24671 /* 99recipeTests */,
				C48881082F9F36BB00B24671 /* 99recipeUITests */,
				C48880EF2F9F36B900B24671 /* Products */,
			);
			sourceTree = "<group>";
		};
		C48880EF2F9F36B900B24671 /* Products */ = {
			isa = PBXGroup;
			children = (
				C48880EE2F9F36B900B24671 /* 99recipe.app */,
				C48880FB2F9F36BB00B24671 /* 99recipeTests.xctest */,
				C48881052F9F36BB00B24671 /* 99recipeUITests.xctest */,
			);
			name = Products;
			sourceTree = "<group>";
		};
/* End PBXGroup section */

/* Begin PBXNativeTarget section */
		C48880ED2F9F36B900B24671 /* 99recipe */ = {
			isa = PBXNativeTarget;
			buildConfigurationList = C488810F2F9F36BB00B24671 /* Build configuration list for PBXNativeTarget "99recipe" */;
			buildPhases = (
				C48880EA2F9F36B900B24671 /* Sources */,
				C48880EB2F9F36B900B24671 /* Frameworks */,
				C48880EC2F9F36B900B24671 /* Resources */,
			);
			buildRules = (
			);
			dependencies = (
			);
			fileSystemSynchronizedGroups = (
				C48880F02F9F36B900B24671 /* 99recipe */,
			);
			name = 99recipe;
			packageProductDependencies = (
				C4F100112F9F36B900B24671 /* ConvexMobile */,
				C4F100122F9F36B900B24671 /* ClerkKit */,
				C4F100132F9F36B900B24671 /* ClerkKitUI */,
				C4F100142F9F36B900B24671 /* ClerkConvex */,
			);
			productName = 99recipe;
			productReference = C48880EE2F9F36B900B24671 /* 99recipe.app */;
			productType = "com.apple.product-type.application";
		};
		C48880FA2F9F36BB00B24671 /* 99recipeTests */ = {
			isa = PBXNativeTarget;
			buildConfigurationList = C48881122F9F36BB00B24671 /* Build configuration list for PBXNativeTarget "99recipeTests" */;
			buildPhases = (
				C48880F72F9F36BB00B24671 /* Sources */,
				C48880F82F9F36BB00B24671 /* Frameworks */,
				C48880F92F9F36BB00B24671 /* Resources */,
			);
			buildRules = (
			);
			dependencies = (
				C48880FD2F9F36BB00B24671 /* PBXTargetDependency */,
			);
			fileSystemSynchronizedGroups = (
				C48880FE2F9F36BB00B24671 /* 99recipeTests */,
			);
			name = 99recipeTests;
			packageProductDependencies = (
			);
			productName = 99recipeTests;
			productReference = C48880FB2F9F36BB00B24671 /* 99recipeTests.xctest */;
			productType = "com.apple.product-type.bundle.unit-test";
		};
		C48881042F9F36BB00B24671 /* 99recipeUITests */ = {
			isa = PBXNativeTarget;
			buildConfigurationList = C48881152F9F36BB00B24671 /* Build configuration list for PBXNativeTarget "99recipeUITests" */;
			buildPhases = (
				C48881012F9F36BB00B24671 /* Sources */,
				C48881022F9F36BB00B24671 /* Frameworks */,
				C48881032F9F36BB00B24671 /* Resources */,
			);
			buildRules = (
			);
			dependencies = (
				C48881072F9F36BB00B24671 /* PBXTargetDependency */,
			);
			fileSystemSynchronizedGroups = (
				C48881082F9F36BB00B24671 /* 99recipeUITests */,
			);
			name = 99recipeUITests;
			packageProductDependencies = (
			);
			productName = 99recipeUITests;
			productReference = C48881052F9F36BB00B24671 /* 99recipeUITests.xctest */;
			productType = "com.apple.product-type.bundle.ui-testing";
		};
/* End PBXNativeTarget section */

/* Begin PBXProject section */
		C48880E62F9F36B900B24671 /* Project object */ = {
			isa = PBXProject;
			attributes = {
				BuildIndependentTargetsInParallel = 1;
				LastSwiftUpdateCheck = 2620;
				LastUpgradeCheck = 2620;
				TargetAttributes = {
					C48880ED2F9F36B900B24671 = {
						CreatedOnToolsVersion = 26.2;
					};
					C48880FA2F9F36BB00B24671 = {
						CreatedOnToolsVersion = 26.2;
						TestTargetID = C48880ED2F9F36B900B24671;
					};
					C48881042F9F36BB00B24671 = {
						CreatedOnToolsVersion = 26.2;
						TestTargetID = C48880ED2F9F36B900B24671;
					};
				};
			};
			buildConfigurationList = C48880E92F9F36B900B24671 /* Build configuration list for PBXProject "99recipe" */;
			developmentRegion = en;
			hasScannedForEncodings = 0;
			knownRegions = (
				en,
				Base,
				ar,
			);
			mainGroup = C48880E52F9F36B900B24671;
			minimizedProjectReferenceProxies = 1;
			packageReferences = (
				C4F100012F9F36B900B24671 /* XCRemoteSwiftPackageReference "convex-swift" */,
				C4F100022F9F36B900B24671 /* XCRemoteSwiftPackageReference "clerk-ios" */,
				C4F100032F9F36B900B24671 /* XCRemoteSwiftPackageReference "clerk-convex-swift" */,
			);
			preferredProjectObjectVersion = 77;
			productRefGroup = C48880EF2F9F36B900B24671 /* Products */;
			projectDirPath = "";
			projectRoot = "";
			targets = (
				C48880ED2F9F36B900B24671 /* 99recipe */,
				C48880FA2F9F36BB00B24671 /* 99recipeTests */,
				C48881042F9F36BB00B24671 /* 99recipeUITests */,
			);
		};
/* End PBXProject section */

/* Begin PBXResourcesBuildPhase section */
		C48880EC2F9F36B900B24671 /* Resources */ = {
			isa = PBXResourcesBuildPhase;
			buildActionMask = 2147483647;
			files = (
			);
			runOnlyForDeploymentPostprocessing = 0;
		};
		C48880F92F9F36BB00B24671 /* Resources */ = {
			isa = PBXResourcesBuildPhase;
			buildActionMask = 2147483647;
			files = (
			);
			runOnlyForDeploymentPostprocessing = 0;
		};
		C48881032F9F36BB00B24671 /* Resources */ = {
			isa = PBXResourcesBuildPhase;
			buildActionMask = 2147483647;
			files = (
			);
			runOnlyForDeploymentPostprocessing = 0;
		};
/* End PBXResourcesBuildPhase section */

/* Begin PBXSourcesBuildPhase section */
		C48880EA2F9F36B900B24671 /* Sources */ = {
			isa = PBXSourcesBuildPhase;
			buildActionMask = 2147483647;
			files = (
			);
			runOnlyForDeploymentPostprocessing = 0;
		};
		C48880F72F9F36BB00B24671 /* Sources */ = {
			isa = PBXSourcesBuildPhase;
			buildActionMask = 2147483647;
			files = (
			);
			runOnlyForDeploymentPostprocessing = 0;
		};
		C48881012F9F36BB00B24671 /* Sources */ = {
			isa = PBXSourcesBuildPhase;
			buildActionMask = 2147483647;
			files = (
			);
			runOnlyForDeploymentPostprocessing = 0;
		};
/* End PBXSourcesBuildPhase section */

/* Begin PBXTargetDependency section */
		C48880FD2F9F36BB00B24671 /* PBXTargetDependency */ = {
			isa = PBXTargetDependency;
			target = C48880ED2F9F36B900B24671 /* 99recipe */;
			targetProxy = C48880FC2F9F36BB00B24671 /* PBXContainerItemProxy */;
		};
		C48881072F9F36BB00B24671 /* PBXTargetDependency */ = {
			isa = PBXTargetDependency;
			target = C48880ED2F9F36B900B24671 /* 99recipe */;
			targetProxy = C48881062F9F36BB00B24671 /* PBXContainerItemProxy */;
		};
/* End PBXTargetDependency section */

/* Begin XCBuildConfiguration section */
		C488810D2F9F36BB00B24671 /* Debug */ = {
			isa = XCBuildConfiguration;
			buildSettings = {
				ALWAYS_SEARCH_USER_PATHS = NO;
				ASSETCATALOG_COMPILER_GENERATE_SWIFT_ASSET_SYMBOL_EXTENSIONS = YES;
				CLANG_ANALYZER_NONNULL = YES;
				CLANG_ANALYZER_NUMBER_OBJECT_CONVERSION = YES_AGGRESSIVE;
				CLANG_CXX_LANGUAGE_STANDARD = "gnu++20";
				CLANG_ENABLE_MODULES = YES;
				CLANG_ENABLE_OBJC_ARC = YES;
				CLANG_ENABLE_OBJC_WEAK = YES;
				CLANG_WARN_BLOCK_CAPTURE_AUTORELEASING = YES;
				CLANG_WARN_BOOL_CONVERSION = YES;
				CLANG_WARN_COMMA = YES;
				CLANG_WARN_CONSTANT_CONVERSION = YES;
				CLANG_WARN_DEPRECATED_OBJC_IMPLEMENTATIONS = YES;
				CLANG_WARN_DIRECT_OBJC_ISA_USAGE = YES_ERROR;
				CLANG_WARN_DOCUMENTATION_COMMENTS = YES;
				CLANG_WARN_EMPTY_BODY = YES;
				CLANG_WARN_ENUM_CONVERSION = YES;
				CLANG_WARN_INFINITE_RECURSION = YES;
				CLANG_WARN_INT_CONVERSION = YES;
				CLANG_WARN_NON_LITERAL_NULL_CONVERSION = YES;
				CLANG_WARN_OBJC_IMPLICIT_RETAIN_SELF = YES;
				CLANG_WARN_OBJC_LITERAL_CONVERSION = YES;
				CLANG_WARN_OBJC_ROOT_CLASS = YES_ERROR;
				CLANG_WARN_QUOTED_INCLUDE_IN_FRAMEWORK_HEADER = YES;
				CLANG_WARN_RANGE_LOOP_ANALYSIS = YES;
				CLANG_WARN_STRICT_PROTOTYPES = YES;
				CLANG_WARN_SUSPICIOUS_MOVE = YES;
				CLANG_WARN_UNGUARDED_AVAILABILITY = YES_AGGRESSIVE;
				CLANG_WARN_UNREACHABLE_CODE = YES;
				CLANG_WARN__DUPLICATE_METHOD_MATCH = YES;
				COPY_PHASE_STRIP = NO;
				DEBUG_INFORMATION_FORMAT = dwarf;
				DEVELOPMENT_TEAM = L73PY2MN7N;
				ENABLE_STRICT_OBJC_MSGSEND = YES;
				ENABLE_TESTABILITY = YES;
				ENABLE_USER_SCRIPT_SANDBOXING = YES;
				GCC_C_LANGUAGE_STANDARD = gnu17;
				GCC_DYNAMIC_NO_PIC = NO;
				GCC_NO_COMMON_BLOCKS = YES;
				GCC_OPTIMIZATION_LEVEL = 0;
				GCC_PREPROCESSOR_DEFINITIONS = (
					"DEBUG=1",
					"$(inherited)",
				);
				GCC_WARN_64_TO_32_BIT_CONVERSION = YES;
				GCC_WARN_ABOUT_RETURN_TYPE = YES_ERROR;
				GCC_WARN_UNDECLARED_SELECTOR = YES;
				GCC_WARN_UNINITIALIZED_AUTOS = YES_AGGRESSIVE;
				GCC_WARN_UNUSED_FUNCTION = YES;
				GCC_WARN_UNUSED_VARIABLE = YES;
				IPHONEOS_DEPLOYMENT_TARGET = 17.0;
				LOCALIZATION_PREFERS_STRING_CATALOGS = YES;
				MTL_ENABLE_DEBUG_INFO = INCLUDE_SOURCE;
				MTL_FAST_MATH = YES;
				ONLY_ACTIVE_ARCH = YES;
				SDKROOT = iphoneos;
				SWIFT_ACTIVE_COMPILATION_CONDITIONS = "DEBUG $(inherited)";
				SWIFT_OPTIMIZATION_LEVEL = "-Onone";
			};
			name = Debug;
		};
		C488810E2F9F36BB00B24671 /* Release */ = {
			isa = XCBuildConfiguration;
			buildSettings = {
				ALWAYS_SEARCH_USER_PATHS = NO;
				ASSETCATALOG_COMPILER_GENERATE_SWIFT_ASSET_SYMBOL_EXTENSIONS = YES;
				CLANG_ANALYZER_NONNULL = YES;
				CLANG_ANALYZER_NUMBER_OBJECT_CONVERSION = YES_AGGRESSIVE;
				CLANG_CXX_LANGUAGE_STANDARD = "gnu++20";
				CLANG_ENABLE_MODULES = YES;
				CLANG_ENABLE_OBJC_ARC = YES;
				CLANG_ENABLE_OBJC_WEAK = YES;
				CLANG_WARN_BLOCK_CAPTURE_AUTORELEASING = YES;
				CLANG_WARN_BOOL_CONVERSION = YES;
				CLANG_WARN_COMMA = YES;
				CLANG_WARN_CONSTANT_CONVERSION = YES;
				CLANG_WARN_DEPRECATED_OBJC_IMPLEMENTATIONS = YES;
				CLANG_WARN_DIRECT_OBJC_ISA_USAGE = YES_ERROR;
				CLANG_WARN_DOCUMENTATION_COMMENTS = YES;
				CLANG_WARN_EMPTY_BODY = YES;
				CLANG_WARN_ENUM_CONVERSION = YES;
				CLANG_WARN_INFINITE_RECURSION = YES;
				CLANG_WARN_INT_CONVERSION = YES;
				CLANG_WARN_NON_LITERAL_NULL_CONVERSION = YES;
				CLANG_WARN_OBJC_IMPLICIT_RETAIN_SELF = YES;
				CLANG_WARN_OBJC_LITERAL_CONVERSION = YES;
				CLANG_WARN_OBJC_ROOT_CLASS = YES_ERROR;
				CLANG_WARN_QUOTED_INCLUDE_IN_FRAMEWORK_HEADER = YES;
				CLANG_WARN_RANGE_LOOP_ANALYSIS = YES;
				CLANG_WARN_STRICT_PROTOTYPES = YES;
				CLANG_WARN_SUSPICIOUS_MOVE = YES;
				CLANG_WARN_UNGUARDED_AVAILABILITY = YES_AGGRESSIVE;
				CLANG_WARN_UNREACHABLE_CODE = YES;
				CLANG_WARN__DUPLICATE_METHOD_MATCH = YES;
				COPY_PHASE_STRIP = NO;
				DEBUG_INFORMATION_FORMAT = "dwarf-with-dsym";
				DEVELOPMENT_TEAM = L73PY2MN7N;
				ENABLE_NS_ASSERTIONS = NO;
				ENABLE_STRICT_OBJC_MSGSEND = YES;
				ENABLE_USER_SCRIPT_SANDBOXING = YES;
				GCC_C_LANGUAGE_STANDARD = gnu17;
				GCC_NO_COMMON_BLOCKS = YES;
				GCC_WARN_64_TO_32_BIT_CONVERSION = YES;
				GCC_WARN_ABOUT_RETURN_TYPE = YES_ERROR;
				GCC_WARN_UNDECLARED_SELECTOR = YES;
				GCC_WARN_UNINITIALIZED_AUTOS = YES_AGGRESSIVE;
				GCC_WARN_UNUSED_FUNCTION = YES;
				GCC_WARN_UNUSED_VARIABLE = YES;
				IPHONEOS_DEPLOYMENT_TARGET = 17.0;
				LOCALIZATION_PREFERS_STRING_CATALOGS = YES;
				MTL_ENABLE_DEBUG_INFO = NO;
				MTL_FAST_MATH = YES;
				SDKROOT = iphoneos;
				SWIFT_COMPILATION_MODE = wholemodule;
				VALIDATE_PRODUCT = YES;
			};
			name = Release;
		};
		C48881102F9F36BB00B24671 /* Debug */ = {
			isa = XCBuildConfiguration;
			buildSettings = {
				ASSETCATALOG_COMPILER_APPICON_NAME = AppIcon;
				ASSETCATALOG_COMPILER_GLOBAL_ACCENT_COLOR_NAME = AccentColor;
				CLERK_PUBLISHABLE_KEY = "";
				CODE_SIGN_STYLE = Automatic;
				CURRENT_PROJECT_VERSION = 1;
				DEVELOPMENT_TEAM = L73PY2MN7N;
				ENABLE_PREVIEWS = YES;
				GENERATE_INFOPLIST_FILE = YES;
				INFOPLIST_KEY_CLERK_PUBLISHABLE_KEY = "$(CLERK_PUBLISHABLE_KEY)";
				INFOPLIST_KEY_NSCameraUsageDescription = "Use the camera to scan meals and estimate nutrition.";
				INFOPLIST_KEY_NSPhotoLibraryUsageDescription = "Use photos to import meal images for nutrition tracking.";
				INFOPLIST_KEY_UIApplicationSceneManifest_Generation = YES;
				INFOPLIST_KEY_UIApplicationSupportsIndirectInputEvents = YES;
				INFOPLIST_KEY_UILaunchScreen_Generation = YES;
				INFOPLIST_KEY_UISupportedInterfaceOrientations_iPad = "UIInterfaceOrientationPortrait UIInterfaceOrientationPortraitUpsideDown UIInterfaceOrientationLandscapeLeft UIInterfaceOrientationLandscapeRight";
				INFOPLIST_KEY_UISupportedInterfaceOrientations_iPhone = "UIInterfaceOrientationPortrait UIInterfaceOrientationLandscapeLeft UIInterfaceOrientationLandscapeRight";
				LD_RUNPATH_SEARCH_PATHS = (
					"$(inherited)",
					"@executable_path/Frameworks",
				);
				MARKETING_VERSION = 1.0;
				PRODUCT_BUNDLE_IDENTIFIER = com.hyperteam.recipe99;
				PRODUCT_NAME = "$(TARGET_NAME)";
				STRING_CATALOG_GENERATE_SYMBOLS = YES;
				SWIFT_APPROACHABLE_CONCURRENCY = YES;
				SWIFT_DEFAULT_ACTOR_ISOLATION = MainActor;
				SWIFT_EMIT_LOC_STRINGS = YES;
				SWIFT_UPCOMING_FEATURE_MEMBER_IMPORT_VISIBILITY = YES;
				SWIFT_VERSION = 5.0;
				TARGETED_DEVICE_FAMILY = "1,2";
			};
			name = Debug;
		};
		C48881112F9F36BB00B24671 /* Release */ = {
			isa = XCBuildConfiguration;
			buildSettings = {
				ASSETCATALOG_COMPILER_APPICON_NAME = AppIcon;
				ASSETCATALOG_COMPILER_GLOBAL_ACCENT_COLOR_NAME = AccentColor;
				CLERK_PUBLISHABLE_KEY = "";
				CODE_SIGN_STYLE = Automatic;
				CURRENT_PROJECT_VERSION = 1;
				DEVELOPMENT_TEAM = L73PY2MN7N;
				ENABLE_PREVIEWS = YES;
				GENERATE_INFOPLIST_FILE = YES;
				INFOPLIST_KEY_CLERK_PUBLISHABLE_KEY = "$(CLERK_PUBLISHABLE_KEY)";
				INFOPLIST_KEY_NSCameraUsageDescription = "Use the camera to scan meals and estimate nutrition.";
				INFOPLIST_KEY_NSPhotoLibraryUsageDescription = "Use photos to import meal images for nutrition tracking.";
				INFOPLIST_KEY_UIApplicationSceneManifest_Generation = YES;
				INFOPLIST_KEY_UIApplicationSupportsIndirectInputEvents = YES;
				INFOPLIST_KEY_UILaunchScreen_Generation = YES;
				INFOPLIST_KEY_UISupportedInterfaceOrientations_iPad = "UIInterfaceOrientationPortrait UIInterfaceOrientationPortraitUpsideDown UIInterfaceOrientationLandscapeLeft UIInterfaceOrientationLandscapeRight";
				INFOPLIST_KEY_UISupportedInterfaceOrientations_iPhone = "UIInterfaceOrientationPortrait UIInterfaceOrientationLandscapeLeft UIInterfaceOrientationLandscapeRight";
				LD_RUNPATH_SEARCH_PATHS = (
					"$(inherited)",
					"@executable_path/Frameworks",
				);
				MARKETING_VERSION = 1.0;
				PRODUCT_BUNDLE_IDENTIFIER = com.hyperteam.recipe99;
				PRODUCT_NAME = "$(TARGET_NAME)";
				STRING_CATALOG_GENERATE_SYMBOLS = YES;
				SWIFT_APPROACHABLE_CONCURRENCY = YES;
				SWIFT_DEFAULT_ACTOR_ISOLATION = MainActor;
				SWIFT_EMIT_LOC_STRINGS = YES;
				SWIFT_UPCOMING_FEATURE_MEMBER_IMPORT_VISIBILITY = YES;
				SWIFT_VERSION = 5.0;
				TARGETED_DEVICE_FAMILY = "1,2";
			};
			name = Release;
		};
		C48881132F9F36BB00B24671 /* Debug */ = {
			isa = XCBuildConfiguration;
			buildSettings = {
				BUNDLE_LOADER = "$(TEST_HOST)";
				CODE_SIGN_STYLE = Automatic;
				CURRENT_PROJECT_VERSION = 1;
				DEVELOPMENT_TEAM = L73PY2MN7N;
				GENERATE_INFOPLIST_FILE = YES;
				IPHONEOS_DEPLOYMENT_TARGET = 17.0;
				MARKETING_VERSION = 1.0;
				PRODUCT_BUNDLE_IDENTIFIER = com.hyperteam.recipe99Tests;
				PRODUCT_NAME = "$(TARGET_NAME)";
				STRING_CATALOG_GENERATE_SYMBOLS = NO;
				SWIFT_APPROACHABLE_CONCURRENCY = YES;
				SWIFT_EMIT_LOC_STRINGS = NO;
				SWIFT_UPCOMING_FEATURE_MEMBER_IMPORT_VISIBILITY = YES;
				SWIFT_VERSION = 5.0;
				TARGETED_DEVICE_FAMILY = "1,2";
				TEST_HOST = "$(BUILT_PRODUCTS_DIR)/99recipe.app/$(BUNDLE_EXECUTABLE_FOLDER_PATH)/99recipe";
			};
			name = Debug;
		};
		C48881142F9F36BB00B24671 /* Release */ = {
			isa = XCBuildConfiguration;
			buildSettings = {
				BUNDLE_LOADER = "$(TEST_HOST)";
				CODE_SIGN_STYLE = Automatic;
				CURRENT_PROJECT_VERSION = 1;
				DEVELOPMENT_TEAM = L73PY2MN7N;
				GENERATE_INFOPLIST_FILE = YES;
				IPHONEOS_DEPLOYMENT_TARGET = 17.0;
				MARKETING_VERSION = 1.0;
				PRODUCT_BUNDLE_IDENTIFIER = com.hyperteam.recipe99Tests;
				PRODUCT_NAME = "$(TARGET_NAME)";
				STRING_CATALOG_GENERATE_SYMBOLS = NO;
				SWIFT_APPROACHABLE_CONCURRENCY = YES;
				SWIFT_EMIT_LOC_STRINGS = NO;
				SWIFT_UPCOMING_FEATURE_MEMBER_IMPORT_VISIBILITY = YES;
				SWIFT_VERSION = 5.0;
				TARGETED_DEVICE_FAMILY = "1,2";
				TEST_HOST = "$(BUILT_PRODUCTS_DIR)/99recipe.app/$(BUNDLE_EXECUTABLE_FOLDER_PATH)/99recipe";
			};
			name = Release;
		};
		C48881162F9F36BB00B24671 /* Debug */ = {
			isa = XCBuildConfiguration;
			buildSettings = {
				CODE_SIGN_STYLE = Automatic;
				CURRENT_PROJECT_VERSION = 1;
				DEVELOPMENT_TEAM = L73PY2MN7N;
				GENERATE_INFOPLIST_FILE = YES;
				MARKETING_VERSION = 1.0;
				PRODUCT_BUNDLE_IDENTIFIER = com.hyperteam.recipe99UITests;
				PRODUCT_NAME = "$(TARGET_NAME)";
				STRING_CATALOG_GENERATE_SYMBOLS = NO;
				SWIFT_APPROACHABLE_CONCURRENCY = YES;
				SWIFT_EMIT_LOC_STRINGS = NO;
				SWIFT_UPCOMING_FEATURE_MEMBER_IMPORT_VISIBILITY = YES;
				SWIFT_VERSION = 5.0;
				TARGETED_DEVICE_FAMILY = "1,2";
				TEST_TARGET_NAME = 99recipe;
			};
			name = Debug;
		};
		C48881172F9F36BB00B24671 /* Release */ = {
			isa = XCBuildConfiguration;
			buildSettings = {
				CODE_SIGN_STYLE = Automatic;
				CURRENT_PROJECT_VERSION = 1;
				DEVELOPMENT_TEAM = L73PY2MN7N;
				GENERATE_INFOPLIST_FILE = YES;
				MARKETING_VERSION = 1.0;
				PRODUCT_BUNDLE_IDENTIFIER = com.hyperteam.recipe99UITests;
				PRODUCT_NAME = "$(TARGET_NAME)";
				STRING_CATALOG_GENERATE_SYMBOLS = NO;
				SWIFT_APPROACHABLE_CONCURRENCY = YES;
				SWIFT_EMIT_LOC_STRINGS = NO;
				SWIFT_UPCOMING_FEATURE_MEMBER_IMPORT_VISIBILITY = YES;
				SWIFT_VERSION = 5.0;
				TARGETED_DEVICE_FAMILY = "1,2";
				TEST_TARGET_NAME = 99recipe;
			};
			name = Release;
		};
/* End XCBuildConfiguration section */

/* Begin XCConfigurationList section */
		C48880E92F9F36B900B24671 /* Build configuration list for PBXProject "99recipe" */ = {
			isa = XCConfigurationList;
			buildConfigurations = (
				C488810D2F9F36BB00B24671 /* Debug */,
				C488810E2F9F36BB00B24671 /* Release */,
			);
			defaultConfigurationIsVisible = 0;
			defaultConfigurationName = Release;
		};
		C488810F2F9F36BB00B24671 /* Build configuration list for PBXNativeTarget "99recipe" */ = {
			isa = XCConfigurationList;
			buildConfigurations = (
				C48881102F9F36BB00B24671 /* Debug */,
				C48881112F9F36BB00B24671 /* Release */,
			);
			defaultConfigurationIsVisible = 0;
			defaultConfigurationName = Release;
		};
		C48881122F9F36BB00B24671 /* Build configuration list for PBXNativeTarget "99recipeTests" */ = {
			isa = XCConfigurationList;
			buildConfigurations = (
				C48881132F9F36BB00B24671 /* Debug */,
				C48881142F9F36BB00B24671 /* Release */,
			);
			defaultConfigurationIsVisible = 0;
			defaultConfigurationName = Release;
		};
		C48881152F9F36BB00B24671 /* Build configuration list for PBXNativeTarget "99recipeUITests" */ = {
			isa = XCConfigurationList;
			buildConfigurations = (
				C48881162F9F36BB00B24671 /* Debug */,
				C48881172F9F36BB00B24671 /* Release */,
			);
			defaultConfigurationIsVisible = 0;
			defaultConfigurationName = Release;
		};
/* End XCConfigurationList section */

/* Begin XCRemoteSwiftPackageReference section */
		C4F100012F9F36B900B24671 /* XCRemoteSwiftPackageReference "convex-swift" */ = {
			isa = XCRemoteSwiftPackageReference;
			repositoryURL = "https://github.com/get-convex/convex-swift";
			requirement = {
				kind = upToNextMajorVersion;
				minimumVersion = 0.8.0;
			};
		};
		C4F100022F9F36B900B24671 /* XCRemoteSwiftPackageReference "clerk-ios" */ = {
			isa = XCRemoteSwiftPackageReference;
			repositoryURL = "https://github.com/clerk/clerk-ios";
			requirement = {
				kind = upToNextMajorVersion;
				minimumVersion = 1.0.0;
			};
		};
		C4F100032F9F36B900B24671 /* XCRemoteSwiftPackageReference "clerk-convex-swift" */ = {
			isa = XCRemoteSwiftPackageReference;
			repositoryURL = "https://github.com/clerk/clerk-convex-swift";
			requirement = {
				kind = upToNextMajorVersion;
				minimumVersion = 0.1.0;
			};
		};
/* End XCRemoteSwiftPackageReference section */

/* Begin XCSwiftPackageProductDependency section */
		C4F100112F9F36B900B24671 /* ConvexMobile */ = {
			isa = XCSwiftPackageProductDependency;
			package = C4F100012F9F36B900B24671 /* XCRemoteSwiftPackageReference "convex-swift" */;
			productName = ConvexMobile;
		};
		C4F100122F9F36B900B24671 /* ClerkKit */ = {
			isa = XCSwiftPackageProductDependency;
			package = C4F100022F9F36B900B24671 /* XCRemoteSwiftPackageReference "clerk-ios" */;
			productName = ClerkKit;
		};
		C4F100132F9F36B900B24671 /* ClerkKitUI */ = {
			isa = XCSwiftPackageProductDependency;
			package = C4F100022F9F36B900B24671 /* XCRemoteSwiftPackageReference "clerk-ios" */;
			productName = ClerkKitUI;
		};
		C4F100142F9F36B900B24671 /* ClerkConvex */ = {
			isa = XCSwiftPackageProductDependency;
			package = C4F100032F9F36B900B24671 /* XCRemoteSwiftPackageReference "clerk-convex-swift" */;
			productName = ClerkConvex;
		};
/* End XCSwiftPackageProductDependency section */
	};
	rootObject = C48880E62F9F36B900B24671 /* Project object */;
}
