// !$*UTF8*$!
{
	archiveVersion = 1;
	classes = {
	};
	objectVersion = 77;
	objects = {

/* Begin PBXBuildFile section */
		C4074DD72F4334F400FBAAD3 /* SuperwallKit in Frameworks */ = {isa = PBXBuildFile; productRef = C4074DD62F4334F400FBAAD3 /* SuperwallKit */; };
		C42D67952F4091910013BD87 /* FIXES.md in Resources */ = {isa = PBXBuildFile; fileRef = C42D67942F4091910013BD87 /* FIXES.md */; };
		C42D67972F4092F20013BD87 /* ConvexMobile in Frameworks */ = {isa = PBXBuildFile; productRef = C42D67962F4092F20013BD87 /* ConvexMobile */; };
		C42D679A2F4097A20013BD87 /* ClerkKit in Frameworks */ = {isa = PBXBuildFile; productRef = C42D67992F4097A20013BD87 /* ClerkKit */; };
		C42D679D2F4099A20013BD87 /* ClerkKitUI in Frameworks */ = {isa = PBXBuildFile; productRef = C42D679C2F4099A20013BD87 /* ClerkKitUI */; };
/* End PBXBuildFile section */

/* Begin PBXContainerItemProxy section */
		C42D67422F40814C0013BD87 /* PBXContainerItemProxy */ = {
			isa = PBXContainerItemProxy;
			containerPortal = C42D672C2F40814B0013BD87 /* Project object */;
			proxyType = 1;
			remoteGlobalIDString = C42D67332F40814B0013BD87;
			remoteInfo = TestPrep;
		};
		C42D674C2F40814C0013BD87 /* PBXContainerItemProxy */ = {
			isa = PBXContainerItemProxy;
			containerPortal = C42D672C2F40814B0013BD87 /* Project object */;
			proxyType = 1;
			remoteGlobalIDString = C42D67332F40814B0013BD87;
			remoteInfo = TestPrep;
		};
/* End PBXContainerItemProxy section */

/* Begin PBXFileReference section */
		C42D67342F40814B0013BD87 /* TestPrep.app */ = {isa = PBXFileReference; explicitFileType = wrapper.application; includeInIndex = 0; path = TestPrep.app; sourceTree = BUILT_PRODUCTS_DIR; };
		C42D67412F40814C0013BD87 /* TestPrepTests.xctest */ = {isa = PBXFileReference; explicitFileType = wrapper.cfbundle; includeInIndex = 0; path = TestPrepTests.xctest; sourceTree = BUILT_PRODUCTS_DIR; };
		C42D674B2F40814C0013BD87 /* TestPrepUITests.xctest */ = {isa = PBXFileReference; explicitFileType = wrapper.cfbundle; includeInIndex = 0; path = TestPrepUITests.xctest; sourceTree = BUILT_PRODUCTS_DIR; };
		C42D67942F4091910013BD87 /* FIXES.md */ = {isa = PBXFileReference; lastKnownFileType = net.daringfireball.markdown; path = FIXES.md; sourceTree = "<group>"; };
/* End PBXFileReference section */

/* Begin PBXFileSystemSynchronizedBuildFileExceptionSet section */
		C4074D642F41DFE100FBAAD3 /* Exceptions for "TestPrep" folder in "TestPrep" target */ = {
			isa = PBXFileSystemSynchronizedBuildFileExceptionSet;
			membershipExceptions = (
				Info.plist,
			);
			target = C42D67332F40814B0013BD87 /* TestPrep */;
		};
/* End PBXFileSystemSynchronizedBuildFileExceptionSet section */

/* Begin PBXFileSystemSynchronizedRootGroup section */
		C42D67362F40814B0013BD87 /* TestPrep */ = {
			isa = PBXFileSystemSynchronizedRootGroup;
			exceptions = (
				C4074D642F41DFE100FBAAD3 /* Exceptions for "TestPrep" folder in "TestPrep" target */,
			);
			path = TestPrep;
			sourceTree = "<group>";
		};
		C42D67442F40814C0013BD87 /* TestPrepTests */ = {
			isa = PBXFileSystemSynchronizedRootGroup;
			path = TestPrepTests;
			sourceTree = "<group>";
		};
		C42D674E2F40814C0013BD87 /* TestPrepUITests */ = {
			isa = PBXFileSystemSynchronizedRootGroup;
			path = TestPrepUITests;
			sourceTree = "<group>";
		};
/* End PBXFileSystemSynchronizedRootGroup section */

/* Begin PBXFrameworksBuildPhase section */
		C42D67312F40814B0013BD87 /* Frameworks */ = {
			isa = PBXFrameworksBuildPhase;
			buildActionMask = 2147483647;
			files = (
				C42D679A2F4097A20013BD87 /* ClerkKit in Frameworks */,
				C42D679D2F4099A20013BD87 /* ClerkKitUI in Frameworks */,
				C42D67972F4092F20013BD87 /* ConvexMobile in Frameworks */,
				C4074DD72F4334F400FBAAD3 /* SuperwallKit in Frameworks */,
			);
			runOnlyForDeploymentPostprocessing = 0;
		};
		C42D673E2F40814C0013BD87 /* Frameworks */ = {
			isa = PBXFrameworksBuildPhase;
			buildActionMask = 2147483647;
			files = (
			);
			runOnlyForDeploymentPostprocessing = 0;
		};
		C42D67482F40814C0013BD87 /* Frameworks */ = {
			isa = PBXFrameworksBuildPhase;
			buildActionMask = 2147483647;
			files = (
			);
			runOnlyForDeploymentPostprocessing = 0;
		};
/* End PBXFrameworksBuildPhase section */

/* Begin PBXGroup section */
		C4074DD52F4334F400FBAAD3 /* Frameworks */ = {
			isa = PBXGroup;
			children = (
			);
			name = Frameworks;
			sourceTree = "<group>";
		};
		C42D672B2F40814B0013BD87 = {
			isa = PBXGroup;
			children = (
				C42D67362F40814B0013BD87 /* TestPrep */,
				C42D67442F40814C0013BD87 /* TestPrepTests */,
				C42D674E2F40814C0013BD87 /* TestPrepUITests */,
				C42D67352F40814B0013BD87 /* Products */,
				C42D67942F4091910013BD87 /* FIXES.md */,
				C4074DD52F4334F400FBAAD3 /* Frameworks */,
			);
			sourceTree = "<group>";
		};
		C42D67352F40814B0013BD87 /* Products */ = {
			isa = PBXGroup;
			children = (
				C42D67342F40814B0013BD87 /* TestPrep.app */,
				C42D67412F40814C0013BD87 /* TestPrepTests.xctest */,
				C42D674B2F40814C0013BD87 /* TestPrepUITests.xctest */,
			);
			name = Products;
			sourceTree = "<group>";
		};
/* End PBXGroup section */

/* Begin PBXNativeTarget section */
		C42D67332F40814B0013BD87 /* TestPrep */ = {
			isa = PBXNativeTarget;
			buildConfigurationList = C42D67552F40814C0013BD87 /* Build configuration list for PBXNativeTarget "TestPrep" */;
			buildPhases = (
				C42D67302F40814B0013BD87 /* Sources */,
				C42D67312F40814B0013BD87 /* Frameworks */,
				C42D67322F40814B0013BD87 /* Resources */,
			);
			buildRules = (
			);
			dependencies = (
			);
			fileSystemSynchronizedGroups = (
				C42D67362F40814B0013BD87 /* TestPrep */,
			);
			name = TestPrep;
			packageProductDependencies = (
				C42D67992F4097A20013BD87 /* ClerkKit */,
				C42D679C2F4099A20013BD87 /* ClerkKitUI */,
				C42D67962F4092F20013BD87 /* ConvexMobile */,
				C4074DD62F4334F400FBAAD3 /* SuperwallKit */,
			);
			productName = TestPrep;
			productReference = C42D67342F40814B0013BD87 /* TestPrep.app */;
			productType = "com.apple.product-type.application";
		};
		C42D67402F40814C0013BD87 /* TestPrepTests */ = {
			isa = PBXNativeTarget;
			buildConfigurationList = C42D67582F40814C0013BD87 /* Build configuration list for PBXNativeTarget "TestPrepTests" */;
			buildPhases = (
				C42D673D2F40814C0013BD87 /* Sources */,
				C42D673E2F40814C0013BD87 /* Frameworks */,
				C42D673F2F40814C0013BD87 /* Resources */,
			);
			buildRules = (
			);
			dependencies = (
				C42D67432F40814C0013BD87 /* PBXTargetDependency */,
			);
			fileSystemSynchronizedGroups = (
				C42D67442F40814C0013BD87 /* TestPrepTests */,
			);
			name = TestPrepTests;
			packageProductDependencies = (
			);
			productName = TestPrepTests;
			productReference = C42D67412F40814C0013BD87 /* TestPrepTests.xctest */;
			productType = "com.apple.product-type.bundle.unit-test";
		};
		C42D674A2F40814C0013BD87 /* TestPrepUITests */ = {
			isa = PBXNativeTarget;
			buildConfigurationList = C42D675B2F40814C0013BD87 /* Build configuration list for PBXNativeTarget "TestPrepUITests" */;
			buildPhases = (
				C42D67472F40814C0013BD87 /* Sources */,
				C42D67482F40814C0013BD87 /* Frameworks */,
				C42D67492F40814C0013BD87 /* Resources */,
			);
			buildRules = (
			);
			dependencies = (
				C42D674D2F40814C0013BD87 /* PBXTargetDependency */,
			);
			fileSystemSynchronizedGroups = (
				C42D674E2F40814C0013BD87 /* TestPrepUITests */,
			);
			name = TestPrepUITests;
			packageProductDependencies = (
			);
			productName = TestPrepUITests;
			productReference = C42D674B2F40814C0013BD87 /* TestPrepUITests.xctest */;
			productType = "com.apple.product-type.bundle.ui-testing";
		};
/* End PBXNativeTarget section */

/* Begin PBXProject section */
		C42D672C2F40814B0013BD87 /* Project object */ = {
			isa = PBXProject;
			attributes = {
				BuildIndependentTargetsInParallel = 1;
				LastSwiftUpdateCheck = 2620;
				LastUpgradeCheck = 2620;
				TargetAttributes = {
					C42D67332F40814B0013BD87 = {
						CreatedOnToolsVersion = 26.2;
					};
					C42D67402F40814C0013BD87 = {
						CreatedOnToolsVersion = 26.2;
						TestTargetID = C42D67332F40814B0013BD87;
					};
					C42D674A2F40814C0013BD87 = {
						CreatedOnToolsVersion = 26.2;
						TestTargetID = C42D67332F40814B0013BD87;
					};
				};
			};
			buildConfigurationList = C42D672F2F40814B0013BD87 /* Build configuration list for PBXProject "TestPrep" */;
			developmentRegion = en;
			hasScannedForEncodings = 0;
			knownRegions = (
				en,
				Base,
			);
			mainGroup = C42D672B2F40814B0013BD87;
			minimizedProjectReferenceProxies = 1;
			packageReferences = (
				C42D679B2F4097A20013BD87 /* XCRemoteSwiftPackageReference "clerk-ios" */,
				C42D67982F4092F20013BD87 /* XCRemoteSwiftPackageReference "convex-swift" */,
				C4074DD42F4332D200FBAAD3 /* XCRemoteSwiftPackageReference "Superwall-iOS" */,
			);
			preferredProjectObjectVersion = 77;
			productRefGroup = C42D67352F40814B0013BD87 /* Products */;
			projectDirPath = "";
			projectRoot = "";
			targets = (
				C42D67332F40814B0013BD87 /* TestPrep */,
				C42D67402F40814C0013BD87 /* TestPrepTests */,
				C42D674A2F40814C0013BD87 /* TestPrepUITests */,
			);
		};
/* End PBXProject section */

/* Begin PBXResourcesBuildPhase section */
		C42D67322F40814B0013BD87 /* Resources */ = {
			isa = PBXResourcesBuildPhase;
			buildActionMask = 2147483647;
			files = (
				C42D67952F4091910013BD87 /* FIXES.md in Resources */,
			);
			runOnlyForDeploymentPostprocessing = 0;
		};
		C42D673F2F40814C0013BD87 /* Resources */ = {
			isa = PBXResourcesBuildPhase;
			buildActionMask = 2147483647;
			files = (
			);
			runOnlyForDeploymentPostprocessing = 0;
		};
		C42D67492F40814C0013BD87 /* Resources */ = {
			isa = PBXResourcesBuildPhase;
			buildActionMask = 2147483647;
			files = (
			);
			runOnlyForDeploymentPostprocessing = 0;
		};
/* End PBXResourcesBuildPhase section */

/* Begin PBXSourcesBuildPhase section */
		C42D67302F40814B0013BD87 /* Sources */ = {
			isa = PBXSourcesBuildPhase;
			buildActionMask = 2147483647;
			files = (
			);
			runOnlyForDeploymentPostprocessing = 0;
		};
		C42D673D2F40814C0013BD87 /* Sources */ = {
			isa = PBXSourcesBuildPhase;
			buildActionMask = 2147483647;
			files = (
			);
			runOnlyForDeploymentPostprocessing = 0;
		};
		C42D67472F40814C0013BD87 /* Sources */ = {
			isa = PBXSourcesBuildPhase;
			buildActionMask = 2147483647;
			files = (
			);
			runOnlyForDeploymentPostprocessing = 0;
		};
/* End PBXSourcesBuildPhase section */

/* Begin PBXTargetDependency section */
		C42D67432F40814C0013BD87 /* PBXTargetDependency */ = {
			isa = PBXTargetDependency;
			target = C42D67332F40814B0013BD87 /* TestPrep */;
			targetProxy = C42D67422F40814C0013BD87 /* PBXContainerItemProxy */;
		};
		C42D674D2F40814C0013BD87 /* PBXTargetDependency */ = {
			isa = PBXTargetDependency;
			target = C42D67332F40814B0013BD87 /* TestPrep */;
			targetProxy = C42D674C2F40814C0013BD87 /* PBXContainerItemProxy */;
		};
/* End PBXTargetDependency section */

/* Begin XCBuildConfiguration section */
		C42D67532F40814C0013BD87 /* Debug */ = {
			isa = XCBuildConfiguration;
			buildSettings = {
				ALWAYS_SEARCH_USER_PATHS = NO;
				ASSETCATALOG_COMPILER_GENERATE_SWIFT_ASSET_SYMBOL_EXTENSIONS = YES;
				CLANG_ANALYZER_NONNULL = YES;
				CLANG_ANALYZER_NUMBER_OBJECT_CONVERSION = YES_AGGRESSIVE;
				CLANG_CXX_LANGUAGE_STANDARD = "gnu++20";
				CLANG_ENABLE_MODULES = YES;
				CLANG_ENABLE_OBJC_ARC = YES;
				CLANG_ENABLE_OBJC_WEAK = YES;
				CLANG_WARN_BLOCK_CAPTURE_AUTORELEASING = YES;
				CLANG_WARN_BOOL_CONVERSION = YES;
				CLANG_WARN_COMMA = YES;
				CLANG_WARN_CONSTANT_CONVERSION = YES;
				CLANG_WARN_DEPRECATED_OBJC_IMPLEMENTATIONS = YES;
				CLANG_WARN_DIRECT_OBJC_ISA_USAGE = YES_ERROR;
				CLANG_WARN_DOCUMENTATION_COMMENTS = YES;
				CLANG_WARN_EMPTY_BODY = YES;
				CLANG_WARN_ENUM_CONVERSION = YES;
				CLANG_WARN_INFINITE_RECURSION = YES;
				CLANG_WARN_INT_CONVERSION = YES;
				CLANG_WARN_NON_LITERAL_NULL_CONVERSION = YES;
				CLANG_WARN_OBJC_IMPLICIT_RETAIN_SELF = YES;
				CLANG_WARN_OBJC_LITERAL_CONVERSION = YES;
				CLANG_WARN_OBJC_ROOT_CLASS = YES_ERROR;
				CLANG_WARN_QUOTED_INCLUDE_IN_FRAMEWORK_HEADER = YES;
				CLANG_WARN_RANGE_LOOP_ANALYSIS = YES;
				CLANG_WARN_STRICT_PROTOTYPES = YES;
				CLANG_WARN_SUSPICIOUS_MOVE = YES;
				CLANG_WARN_UNGUARDED_AVAILABILITY = YES_AGGRESSIVE;
				CLANG_WARN_UNREACHABLE_CODE = YES;
				CLANG_WARN__DUPLICATE_METHOD_MATCH = YES;
				COPY_PHASE_STRIP = NO;
				DEBUG_INFORMATION_FORMAT = dwarf;
				DEVELOPMENT_TEAM = UHF6JJ7Z6G;
				ENABLE_STRICT_OBJC_MSGSEND = YES;
				ENABLE_TESTABILITY = YES;
				ENABLE_USER_SCRIPT_SANDBOXING = YES;
				GCC_C_LANGUAGE_STANDARD = gnu17;
				GCC_DYNAMIC_NO_PIC = NO;
				GCC_NO_COMMON_BLOCKS = YES;
				GCC_OPTIMIZATION_LEVEL = 0;
				GCC_PREPROCESSOR_DEFINITIONS = (
					"DEBUG=1",
					"$(inherited)",
				);
				GCC_WARN_64_TO_32_BIT_CONVERSION = YES;
				GCC_WARN_ABOUT_RETURN_TYPE = YES_ERROR;
				GCC_WARN_UNDECLARED_SELECTOR = YES;
				GCC_WARN_UNINITIALIZED_AUTOS = YES_AGGRESSIVE;
				GCC_WARN_UNUSED_FUNCTION = YES;
				GCC_WARN_UNUSED_VARIABLE = YES;
				LOCALIZATION_PREFERS_STRING_CATALOGS = YES;
				MTL_ENABLE_DEBUG_INFO = INCLUDE_SOURCE;
				MTL_FAST_MATH = YES;
				ONLY_ACTIVE_ARCH = YES;
				SWIFT_ACTIVE_COMPILATION_CONDITIONS = "DEBUG $(inherited)";
				SWIFT_OPTIMIZATION_LEVEL = "-Onone";
			};
			name = Debug;
		};
		C42D67542F40814C0013BD87 /* Release */ = {
			isa = XCBuildConfiguration;
			buildSettings = {
				ALWAYS_SEARCH_USER_PATHS = NO;
				ASSETCATALOG_COMPILER_GENERATE_SWIFT_ASSET_SYMBOL_EXTENSIONS = YES;
				CLANG_ANALYZER_NONNULL = YES;
				CLANG_ANALYZER_NUMBER_OBJECT_CONVERSION = YES_AGGRESSIVE;
				CLANG_CXX_LANGUAGE_STANDARD = "gnu++20";
				CLANG_ENABLE_MODULES = YES;
				CLANG_ENABLE_OBJC_ARC = YES;
				CLANG_ENABLE_OBJC_WEAK = YES;
				CLANG_WARN_BLOCK_CAPTURE_AUTORELEASING = YES;
				CLANG_WARN_BOOL_CONVERSION = YES;
				CLANG_WARN_COMMA = YES;
				CLANG_WARN_CONSTANT_CONVERSION = YES;
				CLANG_WARN_DEPRECATED_OBJC_IMPLEMENTATIONS = YES;
				CLANG_WARN_DIRECT_OBJC_ISA_USAGE = YES_ERROR;
				CLANG_WARN_DOCUMENTATION_COMMENTS = YES;
				CLANG_WARN_EMPTY_BODY = YES;
				CLANG_WARN_ENUM_CONVERSION = YES;
				CLANG_WARN_INFINITE_RECURSION = YES;
				CLANG_WARN_INT_CONVERSION = YES;
				CLANG_WARN_NON_LITERAL_NULL_CONVERSION = YES;
				CLANG_WARN_OBJC_IMPLICIT_RETAIN_SELF = YES;
				CLANG_WARN_OBJC_LITERAL_CONVERSION = YES;
				CLANG_WARN_OBJC_ROOT_CLASS = YES_ERROR;
				CLANG_WARN_QUOTED_INCLUDE_IN_FRAMEWORK_HEADER = YES;
				CLANG_WARN_RANGE_LOOP_ANALYSIS = YES;
				CLANG_WARN_STRICT_PROTOTYPES = YES;
				CLANG_WARN_SUSPICIOUS_MOVE = YES;
				CLANG_WARN_UNGUARDED_AVAILABILITY = YES_AGGRESSIVE;
				CLANG_WARN_UNREACHABLE_CODE = YES;
				CLANG_WARN__DUPLICATE_METHOD_MATCH = YES;
				COPY_PHASE_STRIP = NO;
				DEBUG_INFORMATION_FORMAT = "dwarf-with-dsym";
				DEVELOPMENT_TEAM = UHF6JJ7Z6G;
				ENABLE_NS_ASSERTIONS = NO;
				ENABLE_STRICT_OBJC_MSGSEND = YES;
				ENABLE_USER_SCRIPT_SANDBOXING = YES;
				GCC_C_LANGUAGE_STANDARD = gnu17;
				GCC_NO_COMMON_BLOCKS = YES;
				GCC_WARN_64_TO_32_BIT_CONVERSION = YES;
				GCC_WARN_ABOUT_RETURN_TYPE = YES_ERROR;
				GCC_WARN_UNDECLARED_SELECTOR = YES;
				GCC_WARN_UNINITIALIZED_AUTOS = YES_AGGRESSIVE;
				GCC_WARN_UNUSED_FUNCTION = YES;
				GCC_WARN_UNUSED_VARIABLE = YES;
				LOCALIZATION_PREFERS_STRING_CATALOGS = YES;
				MTL_ENABLE_DEBUG_INFO = NO;
				MTL_FAST_MATH = YES;
				SWIFT_COMPILATION_MODE = wholemodule;
			};
			name = Release;
		};
		C42D67562F40814C0013BD87 /* Debug */ = {
			isa = XCBuildConfiguration;
			buildSettings = {
				ASSETCATALOG_COMPILER_APPICON_NAME = AppIcon;
				ASSETCATALOG_COMPILER_GLOBAL_ACCENT_COLOR_NAME = AccentColor;
				CODE_SIGN_ENTITLEMENTS = TestPrep/TestPrep.entitlements;
				CODE_SIGN_STYLE = Automatic;
				CURRENT_PROJECT_VERSION = 1;
				DEVELOPMENT_TEAM = UHF6JJ7Z6G;
				ENABLE_APP_SANDBOX = YES;
				ENABLE_HARDENED_RUNTIME = YES;
				ENABLE_OUTGOING_NETWORK_CONNECTIONS = YES;
				ENABLE_PREVIEWS = YES;
				ENABLE_USER_SELECTED_FILES = readonly;
				"EXCLUDED_ARCHS[sdk=iphonesimulator*]" = x86_64;
				GENERATE_INFOPLIST_FILE = YES;
				INFOPLIST_FILE = TestPrep/Info.plist;
				"INFOPLIST_KEY_UIApplicationSceneManifest_Generation[sdk=iphoneos*]" = YES;
				"INFOPLIST_KEY_UIApplicationSceneManifest_Generation[sdk=iphonesimulator*]" = YES;
				"INFOPLIST_KEY_UIApplicationSupportsIndirectInputEvents[sdk=iphoneos*]" = YES;
				"INFOPLIST_KEY_UIApplicationSupportsIndirectInputEvents[sdk=iphonesimulator*]" = YES;
				"INFOPLIST_KEY_UILaunchScreen_Generation[sdk=iphoneos*]" = YES;
				"INFOPLIST_KEY_UILaunchScreen_Generation[sdk=iphonesimulator*]" = YES;
				"INFOPLIST_KEY_UIStatusBarStyle[sdk=iphoneos*]" = UIStatusBarStyleDefault;
				"INFOPLIST_KEY_UIStatusBarStyle[sdk=iphonesimulator*]" = UIStatusBarStyleDefault;
				INFOPLIST_KEY_UISupportedInterfaceOrientations_iPad = "UIInterfaceOrientationPortrait UIInterfaceOrientationPortraitUpsideDown UIInterfaceOrientationLandscapeLeft UIInterfaceOrientationLandscapeRight";
				INFOPLIST_KEY_UISupportedInterfaceOrientations_iPhone = "UIInterfaceOrientationPortrait UIInterfaceOrientationLandscapeLeft UIInterfaceOrientationLandscapeRight";
				IPHONEOS_DEPLOYMENT_TARGET = 26.2;
				LD_RUNPATH_SEARCH_PATHS = "@executable_path/Frameworks";
				"LD_RUNPATH_SEARCH_PATHS[sdk=macosx*]" = "@executable_path/../Frameworks";
				MACOSX_DEPLOYMENT_TARGET = 26.2;
				MARKETING_VERSION = 1.0;
				PRODUCT_BUNDLE_IDENTIFIER = com.hyperteam.testprepapp;
				"PRODUCT_BUNDLE_IDENTIFIER[sdk=iphoneos*]" = com.hyperteam.testprepapp;
				"PRODUCT_BUNDLE_IDENTIFIER[sdk=macosx*]" = com.hyperteam.testprepapp.macos;
				PRODUCT_NAME = "$(TARGET_NAME)";
				REGISTER_APP_GROUPS = YES;
				SDKROOT = auto;
				STRING_CATALOG_GENERATE_SYMBOLS = YES;
				SUPPORTED_PLATFORMS = "iphoneos iphonesimulator";
				SUPPORTS_MACCATALYST = NO;
				SWIFT_APPROACHABLE_CONCURRENCY = YES;
				SWIFT_DEFAULT_ACTOR_ISOLATION = MainActor;
				SWIFT_EMIT_LOC_STRINGS = YES;
				SWIFT_UPCOMING_FEATURE_MEMBER_IMPORT_VISIBILITY = YES;
				SWIFT_VERSION = 5.0;
				TARGETED_DEVICE_FAMILY = "1,2";
				XROS_DEPLOYMENT_TARGET = 26.2;
			};
			name = Debug;
		};
		C42D67572F40814C0013BD87 /* Release */ = {
			isa = XCBuildConfiguration;
			buildSettings = {
				ASSETCATALOG_COMPILER_APPICON_NAME = AppIcon;
				ASSETCATALOG_COMPILER_GLOBAL_ACCENT_COLOR_NAME = AccentColor;
				CODE_SIGN_ENTITLEMENTS = TestPrep/TestPrep.entitlements;
				CODE_SIGN_STYLE = Automatic;
				CURRENT_PROJECT_VERSION = 1;
				DEVELOPMENT_TEAM = UHF6JJ7Z6G;
				ENABLE_APP_SANDBOX = YES;
				ENABLE_HARDENED_RUNTIME = YES;
				ENABLE_OUTGOING_NETWORK_CONNECTIONS = YES;
				ENABLE_PREVIEWS = YES;
				ENABLE_USER_SELECTED_FILES = readonly;
				"EXCLUDED_ARCHS[sdk=iphonesimulator*]" = x86_64;
				GENERATE_INFOPLIST_FILE = YES;
				INFOPLIST_FILE = TestPrep/Info.plist;
				"INFOPLIST_KEY_UIApplicationSceneManifest_Generation[sdk=iphoneos*]" = YES;
				"INFOPLIST_KEY_UIApplicationSceneManifest_Generation[sdk=iphonesimulator*]" = YES;
				"INFOPLIST_KEY_UIApplicationSupportsIndirectInputEvents[sdk=iphoneos*]" = YES;
				"INFOPLIST_KEY_UIApplicationSupportsIndirectInputEvents[sdk=iphonesimulator*]" = YES;
				"INFOPLIST_KEY_UILaunchScreen_Generation[sdk=iphoneos*]" = YES;
				"INFOPLIST_KEY_UILaunchScreen_Generation[sdk=iphonesimulator*]" = YES;
				"INFOPLIST_KEY_UIStatusBarStyle[sdk=iphoneos*]" = UIStatusBarStyleDefault;
				"INFOPLIST_KEY_UIStatusBarStyle[sdk=iphonesimulator*]" = UIStatusBarStyleDefault;
				INFOPLIST_KEY_UISupportedInterfaceOrientations_iPad = "UIInterfaceOrientationPortrait UIInterfaceOrientationPortraitUpsideDown UIInterfaceOrientationLandscapeLeft UIInterfaceOrientationLandscapeRight";
				INFOPLIST_KEY_UISupportedInterfaceOrientations_iPhone = "UIInterfaceOrientationPortrait UIInterfaceOrientationLandscapeLeft UIInterfaceOrientationLandscapeRight";
				IPHONEOS_DEPLOYMENT_TARGET = 26.2;
				LD_RUNPATH_SEARCH_PATHS = "@executable_path/Frameworks";
				"LD_RUNPATH_SEARCH_PATHS[sdk=macosx*]" = "@executable_path/../Frameworks";
				MACOSX_DEPLOYMENT_TARGET = 26.2;
				MARKETING_VERSION = 1.0;
				PRODUCT_BUNDLE_IDENTIFIER = com.hyperteam.testprepapp;
				"PRODUCT_BUNDLE_IDENTIFIER[sdk=iphoneos*]" = com.hyperteam.testprepapp;
				"PRODUCT_BUNDLE_IDENTIFIER[sdk=macosx*]" = com.hyperteam.testprepapp.macos;
				PRODUCT_NAME = "$(TARGET_NAME)";
				REGISTER_APP_GROUPS = YES;
				SDKROOT = auto;
				STRING_CATALOG_GENERATE_SYMBOLS = YES;
				SUPPORTED_PLATFORMS = "iphoneos iphonesimulator";
				SUPPORTS_MACCATALYST = NO;
				SWIFT_APPROACHABLE_CONCURRENCY = YES;
				SWIFT_DEFAULT_ACTOR_ISOLATION = MainActor;
				SWIFT_EMIT_LOC_STRINGS = YES;
				SWIFT_UPCOMING_FEATURE_MEMBER_IMPORT_VISIBILITY = YES;
				SWIFT_VERSION = 5.0;
				TARGETED_DEVICE_FAMILY = "1,2";
				XROS_DEPLOYMENT_TARGET = 26.2;
			};
			name = Release;
		};
		C42D67592F40814C0013BD87 /* Debug */ = {
			isa = XCBuildConfiguration;
			buildSettings = {
				BUNDLE_LOADER = "$(TEST_HOST)";
				CODE_SIGN_STYLE = Automatic;
				CURRENT_PROJECT_VERSION = 1;
				DEVELOPMENT_TEAM = UHF6JJ7Z6G;
				GENERATE_INFOPLIST_FILE = YES;
				IPHONEOS_DEPLOYMENT_TARGET = 26.2;
				MACOSX_DEPLOYMENT_TARGET = 26.2;
				MARKETING_VERSION = 1.0;
				PRODUCT_BUNDLE_IDENTIFIER = hyperteam.TestPrepTests;
				PRODUCT_NAME = "$(TARGET_NAME)";
				SDKROOT = auto;
				STRING_CATALOG_GENERATE_SYMBOLS = NO;
				SUPPORTED_PLATFORMS = "iphoneos iphonesimulator macosx xros xrsimulator";
				SWIFT_APPROACHABLE_CONCURRENCY = YES;
				SWIFT_EMIT_LOC_STRINGS = NO;
				SWIFT_UPCOMING_FEATURE_MEMBER_IMPORT_VISIBILITY = YES;
				SWIFT_VERSION = 5.0;
				TARGETED_DEVICE_FAMILY = "1,2,7";
				TEST_HOST = "$(BUILT_PRODUCTS_DIR)/TestPrep.app/$(BUNDLE_EXECUTABLE_FOLDER_PATH)/TestPrep";
				XROS_DEPLOYMENT_TARGET = 26.2;
			};
			name = Debug;
		};
		C42D675A2F40814C0013BD87 /* Release */ = {
			isa = XCBuildConfiguration;
			buildSettings = {
				BUNDLE_LOADER = "$(TEST_HOST)";
				CODE_SIGN_STYLE = Automatic;
				CURRENT_PROJECT_VERSION = 1;
				DEVELOPMENT_TEAM = UHF6JJ7Z6G;
				GENERATE_INFOPLIST_FILE = YES;
				IPHONEOS_DEPLOYMENT_TARGET = 26.2;
				MACOSX_DEPLOYMENT_TARGET = 26.2;
				MARKETING_VERSION = 1.0;
				PRODUCT_BUNDLE_IDENTIFIER = hyperteam.TestPrepTests;
				PRODUCT_NAME = "$(TARGET_NAME)";
				SDKROOT = auto;
				STRING_CATALOG_GENERATE_SYMBOLS = NO;
				SUPPORTED_PLATFORMS = "iphoneos iphonesimulator macosx xros xrsimulator";
				SWIFT_APPROACHABLE_CONCURRENCY = YES;
				SWIFT_EMIT_LOC_STRINGS = NO;
				SWIFT_UPCOMING_FEATURE_MEMBER_IMPORT_VISIBILITY = YES;
				SWIFT_VERSION = 5.0;
				TARGETED_DEVICE_FAMILY = "1,2,7";
				TEST_HOST = "$(BUILT_PRODUCTS_DIR)/TestPrep.app/$(BUNDLE_EXECUTABLE_FOLDER_PATH)/TestPrep";
				XROS_DEPLOYMENT_TARGET = 26.2;
			};
			name = Release;
		};
		C42D675C2F40814C0013BD87 /* Debug */ = {
			isa = XCBuildConfiguration;
			buildSettings = {
				CODE_SIGN_STYLE = Automatic;
				CURRENT_PROJECT_VERSION = 1;
				DEVELOPMENT_TEAM = UHF6JJ7Z6G;
				GENERATE_INFOPLIST_FILE = YES;
				IPHONEOS_DEPLOYMENT_TARGET = 26.2;
				MACOSX_DEPLOYMENT_TARGET = 26.2;
				MARKETING_VERSION = 1.0;
				PRODUCT_BUNDLE_IDENTIFIER = hyperteam.TestPrepUITests;
				PRODUCT_NAME = "$(TARGET_NAME)";
				SDKROOT = auto;
				STRING_CATALOG_GENERATE_SYMBOLS = NO;
				SUPPORTED_PLATFORMS = "iphoneos iphonesimulator macosx xros xrsimulator";
				SWIFT_APPROACHABLE_CONCURRENCY = YES;
				SWIFT_EMIT_LOC_STRINGS = NO;
				SWIFT_UPCOMING_FEATURE_MEMBER_IMPORT_VISIBILITY = YES;
				SWIFT_VERSION = 5.0;
				TARGETED_DEVICE_FAMILY = "1,2,7";
				TEST_TARGET_NAME = TestPrep;
				XROS_DEPLOYMENT_TARGET = 26.2;
			};
			name = Debug;
		};
		C42D675D2F40814C0013BD87 /* Release */ = {
			isa = XCBuildConfiguration;
			buildSettings = {
				CODE_SIGN_STYLE = Automatic;
				CURRENT_PROJECT_VERSION = 1;
				DEVELOPMENT_TEAM = UHF6JJ7Z6G;
				GENERATE_INFOPLIST_FILE = YES;
				IPHONEOS_DEPLOYMENT_TARGET = 26.2;
				MACOSX_DEPLOYMENT_TARGET = 26.2;
				MARKETING_VERSION = 1.0;
				PRODUCT_BUNDLE_IDENTIFIER = hyperteam.TestPrepUITests;
				PRODUCT_NAME = "$(TARGET_NAME)";
				SDKROOT = auto;
				STRING_CATALOG_GENERATE_SYMBOLS = NO;
				SUPPORTED_PLATFORMS = "iphoneos iphonesimulator macosx xros xrsimulator";
				SWIFT_APPROACHABLE_CONCURRENCY = YES;
				SWIFT_EMIT_LOC_STRINGS = NO;
				SWIFT_UPCOMING_FEATURE_MEMBER_IMPORT_VISIBILITY = YES;
				SWIFT_VERSION = 5.0;
				TARGETED_DEVICE_FAMILY = "1,2,7";
				TEST_TARGET_NAME = TestPrep;
				XROS_DEPLOYMENT_TARGET = 26.2;
			};
			name = Release;
		};
/* End XCBuildConfiguration section */

/* Begin XCConfigurationList section */
		C42D672F2F40814B0013BD87 /* Build configuration list for PBXProject "TestPrep" */ = {
			isa = XCConfigurationList;
			buildConfigurations = (
				C42D67532F40814C0013BD87 /* Debug */,
				C42D67542F40814C0013BD87 /* Release */,
			);
			defaultConfigurationIsVisible = 0;
			defaultConfigurationName = Release;
		};
		C42D67552F40814C0013BD87 /* Build configuration list for PBXNativeTarget "TestPrep" */ = {
			isa = XCConfigurationList;
			buildConfigurations = (
				C42D67562F40814C0013BD87 /* Debug */,
				C42D67572F40814C0013BD87 /* Release */,
			);
			defaultConfigurationIsVisible = 0;
			defaultConfigurationName = Release;
		};
		C42D67582F40814C0013BD87 /* Build configuration list for PBXNativeTarget "TestPrepTests" */ = {
			isa = XCConfigurationList;
			buildConfigurations = (
				C42D67592F40814C0013BD87 /* Debug */,
				C42D675A2F40814C0013BD87 /* Release */,
			);
			defaultConfigurationIsVisible = 0;
			defaultConfigurationName = Release;
		};
		C42D675B2F40814C0013BD87 /* Build configuration list for PBXNativeTarget "TestPrepUITests" */ = {
			isa = XCConfigurationList;
			buildConfigurations = (
				C42D675C2F40814C0013BD87 /* Debug */,
				C42D675D2F40814C0013BD87 /* Release */,
			);
			defaultConfigurationIsVisible = 0;
			defaultConfigurationName = Release;
		};
/* End XCConfigurationList section */

/* Begin XCRemoteSwiftPackageReference section */
		C4074DD42F4332D200FBAAD3 /* XCRemoteSwiftPackageReference "Superwall-iOS" */ = {
			isa = XCRemoteSwiftPackageReference;
			repositoryURL = "https://github.com/superwall/Superwall-iOS";
			requirement = {
				kind = upToNextMajorVersion;
				minimumVersion = 4.12.11;
			};
		};
		C42D67982F4092F20013BD87 /* XCRemoteSwiftPackageReference "convex-swift" */ = {
			isa = XCRemoteSwiftPackageReference;
			repositoryURL = "https://github.com/get-convex/convex-swift";
			requirement = {
				kind = upToNextMajorVersion;
				minimumVersion = 0.6.0;
			};
		};
		C42D679B2F4097A20013BD87 /* XCRemoteSwiftPackageReference "clerk-ios" */ = {
			isa = XCRemoteSwiftPackageReference;
			repositoryURL = "https://github.com/clerk/clerk-ios";
			requirement = {
				branch = main;
				kind = branch;
			};
		};
/* End XCRemoteSwiftPackageReference section */

/* Begin XCSwiftPackageProductDependency section */
		C4074DD62F4334F400FBAAD3 /* SuperwallKit */ = {
			isa = XCSwiftPackageProductDependency;
			package = C4074DD42F4332D200FBAAD3 /* XCRemoteSwiftPackageReference "Superwall-iOS" */;
			productName = SuperwallKit;
		};
		C42D67962F4092F20013BD87 /* ConvexMobile */ = {
			isa = XCSwiftPackageProductDependency;
			package = C42D67982F4092F20013BD87 /* XCRemoteSwiftPackageReference "convex-swift" */;
			productName = ConvexMobile;
		};
		C42D67992F4097A20013BD87 /* ClerkKit */ = {
			isa = XCSwiftPackageProductDependency;
			package = C42D679B2F4097A20013BD87 /* XCRemoteSwiftPackageReference "clerk-ios" */;
			productName = ClerkKit;
		};
		C42D679C2F4099A20013BD87 /* ClerkKitUI */ = {
			isa = XCSwiftPackageProductDependency;
			package = C42D679B2F4097A20013BD87 /* XCRemoteSwiftPackageReference "clerk-ios" */;
			productName = ClerkKitUI;
		};
/* End XCSwiftPackageProductDependency section */
	};
	rootObject = C42D672C2F40814B0013BD87 /* Project object */;
}
